
Microsoft Visual Studio Solution File, Format Version 12.00
# Visual Studio Version 17
VisualStudioVersion = 17.0.31512.422
MinimumVisualStudioVersion = 10.0.40219.1
Project("{9A19103F-16F7-4668-BE54-9A1E7A4F7556}") = "SubtitleFileRename", "src\SubtitleFileRename\SubtitleFileRename.csproj", "{37A5043E-F075-4910-9558-F10945D802D6}"
EndProject
Project("{FAE04EC0-301F-11D3-BF4B-00C04F79EFBC}") = "SubtitleFileRename.Services", "src\SubtitleFileRename.Services\SubtitleFileRename.Services.csproj", "{1945ECA6-9803-4148-B9DA-1D2F1EE18520}"
EndProject
Project("{FAE04EC0-301F-11D3-BF4B-00C04F79EFBC}") = "SubtitleFileRename.v2.App", "src\SubtitleFileRename.v2.App\SubtitleFileRename.v2.App.csproj", "{8B182DAD-B2E3-4579-B939-6F4D4844FBC1}"
EndProject
Global
	GlobalSection(SolutionConfigurationPlatforms) = preSolution
		Debug|Any CPU = Debug|Any CPU
		Debug|x64 = Debug|x64
		Debug|x86 = Debug|x86
		Release|Any CPU = Release|Any CPU
		Release|x64 = Release|x64
		Release|x86 = Release|x86
	EndGlobalSection
	GlobalSection(ProjectConfigurationPlatforms) = postSolution
		{37A5043E-F075-4910-9558-F10945D802D6}.Debug|Any CPU.ActiveCfg = Debug|Any CPU
		{37A5043E-F075-4910-9558-F10945D802D6}.Debug|Any CPU.Build.0 = Debug|Any CPU
		{37A5043E-F075-4910-9558-F10945D802D6}.Debug|x64.ActiveCfg = Debug|Any CPU
		{37A5043E-F075-4910-9558-F10945D802D6}.Debug|x64.Build.0 = Debug|Any CPU
		{37A5043E-F075-4910-9558-F10945D802D6}.Debug|x86.ActiveCfg = Debug|Any CPU
		{37A5043E-F075-4910-9558-F10945D802D6}.Debug|x86.Build.0 = Debug|Any CPU
		{37A5043E-F075-4910-9558-F10945D802D6}.Release|Any CPU.ActiveCfg = Release|Any CPU
		{37A5043E-F075-4910-9558-F10945D802D6}.Release|Any CPU.Build.0 = Release|Any CPU
		{37A5043E-F075-4910-9558-F10945D802D6}.Release|x64.ActiveCfg = Release|Any CPU
		{37A5043E-F075-4910-9558-F10945D802D6}.Release|x64.Build.0 = Release|Any CPU
		{37A5043E-F075-4910-9558-F10945D802D6}.Release|x86.ActiveCfg = Release|Any CPU
		{37A5043E-F075-4910-9558-F10945D802D6}.Release|x86.Build.0 = Release|Any CPU
		{1945ECA6-9803-4148-B9DA-1D2F1EE18520}.Debug|Any CPU.ActiveCfg = Debug|Any CPU
		{1945ECA6-9803-4148-B9DA-1D2F1EE18520}.Debug|Any CPU.Build.0 = Debug|Any CPU
		{1945ECA6-9803-4148-B9DA-1D2F1EE18520}.Debug|x64.ActiveCfg = Debug|Any CPU
		{1945ECA6-9803-4148-B9DA-1D2F1EE18520}.Debug|x64.Build.0 = Debug|Any CPU
		{1945ECA6-9803-4148-B9DA-1D2F1EE18520}.Debug|x86.ActiveCfg = Debug|Any CPU
		{1945ECA6-9803-4148-B9DA-1D2F1EE18520}.Debug|x86.Build.0 = Debug|Any CPU
		{1945ECA6-9803-4148-B9DA-1D2F1EE18520}.Release|Any CPU.ActiveCfg = Release|Any CPU
		{1945ECA6-9803-4148-B9DA-1D2F1EE18520}.Release|Any CPU.Build.0 = Release|Any CPU
		{1945ECA6-9803-4148-B9DA-1D2F1EE18520}.Release|x64.ActiveCfg = Release|Any CPU
		{1945ECA6-9803-4148-B9DA-1D2F1EE18520}.Release|x64.Build.0 = Release|Any CPU
		{1945ECA6-9803-4148-B9DA-1D2F1EE18520}.Release|x86.ActiveCfg = Release|Any CPU
		{1945ECA6-9803-4148-B9DA-1D2F1EE18520}.Release|x86.Build.0 = Release|Any CPU
		{8B182DAD-B2E3-4579-B939-6F4D4844FBC1}.Debug|Any CPU.ActiveCfg = Debug|Any CPU
		{8B182DAD-B2E3-4579-B939-6F4D4844FBC1}.Debug|Any CPU.Build.0 = Debug|Any CPU
		{8B182DAD-B2E3-4579-B939-6F4D4844FBC1}.Debug|x64.ActiveCfg = Debug|Any CPU
		{8B182DAD-B2E3-4579-B939-6F4D4844FBC1}.Debug|x64.Build.0 = Debug|Any CPU
		{8B182DAD-B2E3-4579-B939-6F4D4844FBC1}.Debug|x86.ActiveCfg = Debug|Any CPU
		{8B182DAD-B2E3-4579-B939-6F4D4844FBC1}.Debug|x86.Build.0 = Debug|Any CPU
		{8B182DAD-B2E3-4579-B939-6F4D4844FBC1}.Release|Any CPU.ActiveCfg = Release|Any CPU
		{8B182DAD-B2E3-4579-B939-6F4D4844FBC1}.Release|Any CPU.Build.0 = Release|Any CPU
		{8B182DAD-B2E3-4579-B939-6F4D4844FBC1}.Release|x64.ActiveCfg = Release|Any CPU
		{8B182DAD-B2E3-4579-B939-6F4D4844FBC1}.Release|x64.Build.0 = Release|Any CPU
		{8B182DAD-B2E3-4579-B939-6F4D4844FBC1}.Release|x86.ActiveCfg = Release|Any CPU
		{8B182DAD-B2E3-4579-B939-6F4D4844FBC1}.Release|x86.Build.0 = Release|Any CPU
	EndGlobalSection
	GlobalSection(SolutionProperties) = preSolution
		HideSolutionNode = FALSE
	EndGlobalSection
	GlobalSection(ExtensibilityGlobals) = postSolution
		SolutionGuid = {76257AD2-4C2D-4C5B-A29F-75160A5F8C40}
	EndGlobalSection
EndGlobal
